
Microsoft Visual Studio Solution File, Format Version 12.00
# Visual Studio Version 16
VisualStudioVersion = 16.0.30611.23
MinimumVisualStudioVersion = 10.0.40219.1
Project("{2150E333-8FDC-42A3-9474-1A3956D46DE8}") = "Library", "Library", "{F1A148F1-FB22-446B-AF7D-84FF2813AC92}"
EndProject
Project("{9A19103F-16F7-4668-BE54-9A1E7A4F7556}") = "MintPlayer.Xamarin.Forms.SortableListView", "Library\MintPlayer.Xamarin.Forms.SortableListView\MintPlayer.Xamarin.Forms.SortableListView.csproj", "{5DA1C145-26AF-4506-AB27-C715A5E4F6D6}"
EndProject
Project("{2150E333-8FDC-42A3-9474-1A3956D46DE8}") = "SDemoTwo", "SDemoTwo", "{211E3FC0-630F-46EA-B1A6-7A99E0E616AA}"
EndProject
Project("{FAE04EC0-301F-11D3-BF4B-00C04F79EFBC}") = "DemoTwo.UWP", "SortableDemoTwo\DemoTwo\DemoTwo.UWP\DemoTwo.UWP.csproj", "{F6BFF1D8-6086-4459-8647-690819EB1934}"
EndProject
Project("{FAE04EC0-301F-11D3-BF4B-00C04F79EFBC}") = "DemoTwo.Android", "SortableDemoTwo\DemoTwo\DemoTwo.Android\DemoTwo.Android.csproj", "{E7B1B89B-00FC-46F8-A62C-31B70A0D68B0}"
EndProject
Project("{FAE04EC0-301F-11D3-BF4B-00C04F79EFBC}") = "DemoTwo.iOS", "SortableDemoTwo\DemoTwo\DemoTwo.iOS\DemoTwo.iOS.csproj", "{0C599DD2-F979-4BB3-9C14-06C955F88071}"
EndProject
Project("{9A19103F-16F7-4668-BE54-9A1E7A4F7556}") = "DemoTwo", "SortableDemoTwo\DemoTwo\DemoTwo\DemoTwo.csproj", "{D4C5C997-21E4-4614-8A17-C41655909DC9}"
EndProject
Global
	GlobalSection(SolutionConfigurationPlatforms) = preSolution
		Debug|Any CPU = Debug|Any CPU
		Debug|ARM = Debug|ARM
		Debug|iPhone = Debug|iPhone
		Debug|iPhoneSimulator = Debug|iPhoneSimulator
		Debug|x64 = Debug|x64
		Debug|x86 = Debug|x86
		Release|Any CPU = Release|Any CPU
		Release|ARM = Release|ARM
		Release|iPhone = Release|iPhone
		Release|iPhoneSimulator = Release|iPhoneSimulator
		Release|x64 = Release|x64
		Release|x86 = Release|x86
	EndGlobalSection
	GlobalSection(ProjectConfigurationPlatforms) = postSolution
		{5DA1C145-26AF-4506-AB27-C715A5E4F6D6}.Debug|Any CPU.ActiveCfg = Debug|Any CPU
		{5DA1C145-26AF-4506-AB27-C715A5E4F6D6}.Debug|Any CPU.Build.0 = Debug|Any CPU
		{5DA1C145-26AF-4506-AB27-C715A5E4F6D6}.Debug|ARM.ActiveCfg = Debug|Any CPU
		{5DA1C145-26AF-4506-AB27-C715A5E4F6D6}.Debug|ARM.Build.0 = Debug|Any CPU
		{5DA1C145-26AF-4506-AB27-C715A5E4F6D6}.Debug|iPhone.ActiveCfg = Debug|Any CPU
		{5DA1C145-26AF-4506-AB27-C715A5E4F6D6}.Debug|iPhone.Build.0 = Debug|Any CPU
		{5DA1C145-26AF-4506-AB27-C715A5E4F6D6}.Debug|iPhoneSimulator.ActiveCfg = Debug|Any CPU
		{5DA1C145-26AF-4506-AB27-C715A5E4F6D6}.Debug|iPhoneSimulator.Build.0 = Debug|Any CPU
		{5DA1C145-26AF-4506-AB27-C715A5E4F6D6}.Debug|x64.ActiveCfg = Debug|Any CPU
		{5DA1C145-26AF-4506-AB27-C715A5E4F6D6}.Debug|x64.Build.0 = Debug|Any CPU
		{5DA1C145-26AF-4506-AB27-C715A5E4F6D6}.Debug|x86.ActiveCfg = Debug|Any CPU
		{5DA1C145-26AF-4506-AB27-C715A5E4F6D6}.Debug|x86.Build.0 = Debug|Any CPU
		{5DA1C145-26AF-4506-AB27-C715A5E4F6D6}.Release|Any CPU.ActiveCfg = Release|Any CPU
		{5DA1C145-26AF-4506-AB27-C715A5E4F6D6}.Release|Any CPU.Build.0 = Release|Any CPU
		{5DA1C145-26AF-4506-AB27-C715A5E4F6D6}.Release|ARM.ActiveCfg = Release|Any CPU
		{5DA1C145-26AF-4506-AB27-C715A5E4F6D6}.Release|ARM.Build.0 = Release|Any CPU
		{5DA1C145-26AF-4506-AB27-C715A5E4F6D6}.Release|iPhone.ActiveCfg = Release|Any CPU
		{5DA1C145-26AF-4506-AB27-C715A5E4F6D6}.Release|iPhone.Build.0 = Release|Any CPU
		{5DA1C145-26AF-4506-AB27-C715A5E4F6D6}.Release|iPhoneSimulator.ActiveCfg = Release|Any CPU
		{5DA1C145-26AF-4506-AB27-C715A5E4F6D6}.Release|iPhoneSimulator.Build.0 = Release|Any CPU
		{5DA1C145-26AF-4506-AB27-C715A5E4F6D6}.Release|x64.ActiveCfg = Release|Any CPU
		{5DA1C145-26AF-4506-AB27-C715A5E4F6D6}.Release|x64.Build.0 = Release|Any CPU
		{5DA1C145-26AF-4506-AB27-C715A5E4F6D6}.Release|x86.ActiveCfg = Release|Any CPU
		{5DA1C145-26AF-4506-AB27-C715A5E4F6D6}.Release|x86.Build.0 = Release|Any CPU
		{F6BFF1D8-6086-4459-8647-690819EB1934}.Debug|Any CPU.ActiveCfg = Debug|x86
		{F6BFF1D8-6086-4459-8647-690819EB1934}.Debug|ARM.ActiveCfg = Debug|ARM
		{F6BFF1D8-6086-4459-8647-690819EB1934}.Debug|ARM.Build.0 = Debug|ARM
		{F6BFF1D8-6086-4459-8647-690819EB1934}.Debug|ARM.Deploy.0 = Debug|ARM
		{F6BFF1D8-6086-4459-8647-690819EB1934}.Debug|iPhone.ActiveCfg = Debug|x86
		{F6BFF1D8-6086-4459-8647-690819EB1934}.Debug|iPhoneSimulator.ActiveCfg = Debug|x86
		{F6BFF1D8-6086-4459-8647-690819EB1934}.Debug|x64.ActiveCfg = Debug|x64
		{F6BFF1D8-6086-4459-8647-690819EB1934}.Debug|x64.Build.0 = Debug|x64
		{F6BFF1D8-6086-4459-8647-690819EB1934}.Debug|x64.Deploy.0 = Debug|x64
		{F6BFF1D8-6086-4459-8647-690819EB1934}.Debug|x86.ActiveCfg = Debug|x86
		{F6BFF1D8-6086-4459-8647-690819EB1934}.Debug|x86.Build.0 = Debug|x86
		{F6BFF1D8-6086-4459-8647-690819EB1934}.Debug|x86.Deploy.0 = Debug|x86
		{F6BFF1D8-6086-4459-8647-690819EB1934}.Release|Any CPU.ActiveCfg = Release|x86
		{F6BFF1D8-6086-4459-8647-690819EB1934}.Release|ARM.ActiveCfg = Release|ARM
		{F6BFF1D8-6086-4459-8647-690819EB1934}.Release|ARM.Build.0 = Release|ARM
		{F6BFF1D8-6086-4459-8647-690819EB1934}.Release|ARM.Deploy.0 = Release|ARM
		{F6BFF1D8-6086-4459-8647-690819EB1934}.Release|iPhone.ActiveCfg = Release|x86
		{F6BFF1D8-6086-4459-8647-690819EB1934}.Release|iPhoneSimulator.ActiveCfg = Release|x86
		{F6BFF1D8-6086-4459-8647-690819EB1934}.Release|x64.ActiveCfg = Release|x64
		{F6BFF1D8-6086-4459-8647-690819EB1934}.Release|x64.Build.0 = Release|x64
		{F6BFF1D8-6086-4459-8647-690819EB1934}.Release|x64.Deploy.0 = Release|x64
		{F6BFF1D8-6086-4459-8647-690819EB1934}.Release|x86.ActiveCfg = Release|x86
		{F6BFF1D8-6086-4459-8647-690819EB1934}.Release|x86.Build.0 = Release|x86
		{F6BFF1D8-6086-4459-8647-690819EB1934}.Release|x86.Deploy.0 = Release|x86
		{E7B1B89B-00FC-46F8-A62C-31B70A0D68B0}.Debug|Any CPU.ActiveCfg = Debug|Any CPU
		{E7B1B89B-00FC-46F8-A62C-31B70A0D68B0}.Debug|Any CPU.Build.0 = Debug|Any CPU
		{E7B1B89B-00FC-46F8-A62C-31B70A0D68B0}.Debug|Any CPU.Deploy.0 = Debug|Any CPU
		{E7B1B89B-00FC-46F8-A62C-31B70A0D68B0}.Debug|ARM.ActiveCfg = Debug|Any CPU
		{E7B1B89B-00FC-46F8-A62C-31B70A0D68B0}.Debug|ARM.Build.0 = Debug|Any CPU
		{E7B1B89B-00FC-46F8-A62C-31B70A0D68B0}.Debug|ARM.Deploy.0 = Debug|Any CPU
		{E7B1B89B-00FC-46F8-A62C-31B70A0D68B0}.Debug|iPhone.ActiveCfg = Debug|Any CPU
		{E7B1B89B-00FC-46F8-A62C-31B70A0D68B0}.Debug|iPhone.Build.0 = Debug|Any CPU
		{E7B1B89B-00FC-46F8-A62C-31B70A0D68B0}.Debug|iPhone.Deploy.0 = Debug|Any CPU
		{E7B1B89B-00FC-46F8-A62C-31B70A0D68B0}.Debug|iPhoneSimulator.ActiveCfg = Debug|Any CPU
		{E7B1B89B-00FC-46F8-A62C-31B70A0D68B0}.Debug|iPhoneSimulator.Build.0 = Debug|Any CPU
		{E7B1B89B-00FC-46F8-A62C-31B70A0D68B0}.Debug|iPhoneSimulator.Deploy.0 = Debug|Any CPU
		{E7B1B89B-00FC-46F8-A62C-31B70A0D68B0}.Debug|x64.ActiveCfg = Debug|Any CPU
		{E7B1B89B-00FC-46F8-A62C-31B70A0D68B0}.Debug|x64.Build.0 = Debug|Any CPU
		{E7B1B89B-00FC-46F8-A62C-31B70A0D68B0}.Debug|x64.Deploy.0 = Debug|Any CPU
		{E7B1B89B-00FC-46F8-A62C-31B70A0D68B0}.Debug|x86.ActiveCfg = Debug|Any CPU
		{E7B1B89B-00FC-46F8-A62C-31B70A0D68B0}.Debug|x86.Build.0 = Debug|Any CPU
		{E7B1B89B-00FC-46F8-A62C-31B70A0D68B0}.Debug|x86.Deploy.0 = Debug|Any CPU
		{E7B1B89B-00FC-46F8-A62C-31B70A0D68B0}.Release|Any CPU.ActiveCfg = Release|Any CPU
		{E7B1B89B-00FC-46F8-A62C-31B70A0D68B0}.Release|Any CPU.Build.0 = Release|Any CPU
		{E7B1B89B-00FC-46F8-A62C-31B70A0D68B0}.Release|Any CPU.Deploy.0 = Release|Any CPU
		{E7B1B89B-00FC-46F8-A62C-31B70A0D68B0}.Release|ARM.ActiveCfg = Release|Any CPU
		{E7B1B89B-00FC-46F8-A62C-31B70A0D68B0}.Release|ARM.Build.0 = Release|Any CPU
		{E7B1B89B-00FC-46F8-A62C-31B70A0D68B0}.Release|ARM.Deploy.0 = Release|Any CPU
		{E7B1B89B-00FC-46F8-A62C-31B70A0D68B0}.Release|iPhone.ActiveCfg = Release|Any CPU
		{E7B1B89B-00FC-46F8-A62C-31B70A0D68B0}.Release|iPhone.Build.0 = Release|Any CPU
		{E7B1B89B-00FC-46F8-A62C-31B70A0D68B0}.Release|iPhone.Deploy.0 = Release|Any CPU
		{E7B1B89B-00FC-46F8-A62C-31B70A0D68B0}.Release|iPhoneSimulator.ActiveCfg = Release|Any CPU
		{E7B1B89B-00FC-46F8-A62C-31B70A0D68B0}.Release|iPhoneSimulator.Build.0 = Release|Any CPU
		{E7B1B89B-00FC-46F8-A62C-31B70A0D68B0}.Release|iPhoneSimulator.Deploy.0 = Release|Any CPU
		{E7B1B89B-00FC-46F8-A62C-31B70A0D68B0}.Release|x64.ActiveCfg = Release|Any CPU
		{E7B1B89B-00FC-46F8-A62C-31B70A0D68B0}.Release|x64.Build.0 = Release|Any CPU
		{E7B1B89B-00FC-46F8-A62C-31B70A0D68B0}.Release|x64.Deploy.0 = Release|Any CPU
		{E7B1B89B-00FC-46F8-A62C-31B70A0D68B0}.Release|x86.ActiveCfg = Release|Any CPU
		{E7B1B89B-00FC-46F8-A62C-31B70A0D68B0}.Release|x86.Build.0 = Release|Any CPU
		{E7B1B89B-00FC-46F8-A62C-31B70A0D68B0}.Release|x86.Deploy.0 = Release|Any CPU
		{0C599DD2-F979-4BB3-9C14-06C955F88071}.Debug|Any CPU.ActiveCfg = Debug|iPhoneSimulator
		{0C599DD2-F979-4BB3-9C14-06C955F88071}.Debug|ARM.ActiveCfg = Debug|iPhoneSimulator
		{0C599DD2-F979-4BB3-9C14-06C955F88071}.Debug|iPhone.ActiveCfg = Debug|iPhone
		{0C599DD2-F979-4BB3-9C14-06C955F88071}.Debug|iPhone.Build.0 = Debug|iPhone
		{0C599DD2-F979-4BB3-9C14-06C955F88071}.Debug|iPhoneSimulator.ActiveCfg = Debug|iPhoneSimulator
		{0C599DD2-F979-4BB3-9C14-06C955F88071}.Debug|iPhoneSimulator.Build.0 = Debug|iPhoneSimulator
		{0C599DD2-F979-4BB3-9C14-06C955F88071}.Debug|x64.ActiveCfg = Debug|iPhoneSimulator
		{0C599DD2-F979-4BB3-9C14-06C955F88071}.Debug|x86.ActiveCfg = Debug|iPhoneSimulator
		{0C599DD2-F979-4BB3-9C14-06C955F88071}.Release|Any CPU.ActiveCfg = Release|iPhoneSimulator
		{0C599DD2-F979-4BB3-9C14-06C955F88071}.Release|ARM.ActiveCfg = Release|iPhoneSimulator
		{0C599DD2-F979-4BB3-9C14-06C955F88071}.Release|iPhone.ActiveCfg = Release|iPhone
		{0C599DD2-F979-4BB3-9C14-06C955F88071}.Release|iPhone.Build.0 = Release|iPhone
		{0C599DD2-F979-4BB3-9C14-06C955F88071}.Release|iPhoneSimulator.ActiveCfg = Release|iPhoneSimulator
		{0C599DD2-F979-4BB3-9C14-06C955F88071}.Release|iPhoneSimulator.Build.0 = Release|iPhoneSimulator
		{0C599DD2-F979-4BB3-9C14-06C955F88071}.Release|x64.ActiveCfg = Release|iPhoneSimulator
		{0C599DD2-F979-4BB3-9C14-06C955F88071}.Release|x86.ActiveCfg = Release|iPhoneSimulator
		{D4C5C997-21E4-4614-8A17-C41655909DC9}.Debug|Any CPU.ActiveCfg = Debug|Any CPU
		{D4C5C997-21E4-4614-8A17-C41655909DC9}.Debug|Any CPU.Build.0 = Debug|Any CPU
		{D4C5C997-21E4-4614-8A17-C41655909DC9}.Debug|ARM.ActiveCfg = Debug|Any CPU
		{D4C5C997-21E4-4614-8A17-C41655909DC9}.Debug|ARM.Build.0 = Debug|Any CPU
		{D4C5C997-21E4-4614-8A17-C41655909DC9}.Debug|iPhone.ActiveCfg = Debug|Any CPU
		{D4C5C997-21E4-4614-8A17-C41655909DC9}.Debug|iPhone.Build.0 = Debug|Any CPU
		{D4C5C997-21E4-4614-8A17-C41655909DC9}.Debug|iPhoneSimulator.ActiveCfg = Debug|Any CPU
		{D4C5C997-21E4-4614-8A17-C41655909DC9}.Debug|iPhoneSimulator.Build.0 = Debug|Any CPU
		{D4C5C997-21E4-4614-8A17-C41655909DC9}.Debug|x64.ActiveCfg = Debug|Any CPU
		{D4C5C997-21E4-4614-8A17-C41655909DC9}.Debug|x64.Build.0 = Debug|Any CPU
		{D4C5C997-21E4-4614-8A17-C41655909DC9}.Debug|x86.ActiveCfg = Debug|Any CPU
		{D4C5C997-21E4-4614-8A17-C41655909DC9}.Debug|x86.Build.0 = Debug|Any CPU
		{D4C5C997-21E4-4614-8A17-C41655909DC9}.Release|Any CPU.ActiveCfg = Release|Any CPU
		{D4C5C997-21E4-4614-8A17-C41655909DC9}.Release|Any CPU.Build.0 = Release|Any CPU
		{D4C5C997-21E4-4614-8A17-C41655909DC9}.Release|ARM.ActiveCfg = Release|Any CPU
		{D4C5C997-21E4-4614-8A17-C41655909DC9}.Release|ARM.Build.0 = Release|Any CPU
		{D4C5C997-21E4-4614-8A17-C41655909DC9}.Release|iPhone.ActiveCfg = Release|Any CPU
		{D4C5C997-21E4-4614-8A17-C41655909DC9}.Release|iPhone.Build.0 = Release|Any CPU
		{D4C5C997-21E4-4614-8A17-C41655909DC9}.Release|iPhoneSimulator.ActiveCfg = Release|Any CPU
		{D4C5C997-21E4-4614-8A17-C41655909DC9}.Release|iPhoneSimulator.Build.0 = Release|Any CPU
		{D4C5C997-21E4-4614-8A17-C41655909DC9}.Release|x64.ActiveCfg = Release|Any CPU
		{D4C5C997-21E4-4614-8A17-C41655909DC9}.Release|x64.Build.0 = Release|Any CPU
		{D4C5C997-21E4-4614-8A17-C41655909DC9}.Release|x86.ActiveCfg = Release|Any CPU
		{D4C5C997-21E4-4614-8A17-C41655909DC9}.Release|x86.Build.0 = Release|Any CPU
	EndGlobalSection
	GlobalSection(SolutionProperties) = preSolution
		HideSolutionNode = FALSE
	EndGlobalSection
	GlobalSection(NestedProjects) = preSolution
		{5DA1C145-26AF-4506-AB27-C715A5E4F6D6} = {F1A148F1-FB22-446B-AF7D-84FF2813AC92}
		{F6BFF1D8-6086-4459-8647-690819EB1934} = {211E3FC0-630F-46EA-B1A6-7A99E0E616AA}
		{E7B1B89B-00FC-46F8-A62C-31B70A0D68B0} = {211E3FC0-630F-46EA-B1A6-7A99E0E616AA}
		{0C599DD2-F979-4BB3-9C14-06C955F88071} = {211E3FC0-630F-46EA-B1A6-7A99E0E616AA}
		{D4C5C997-21E4-4614-8A17-C41655909DC9} = {211E3FC0-630F-46EA-B1A6-7A99E0E616AA}
	EndGlobalSection
	GlobalSection(ExtensibilityGlobals) = postSolution
		SolutionGuid = {7D5A6B34-5CCE-498D-A4FD-6ADE35A18C04}
	EndGlobalSection
EndGlobal
